
Microsoft Visual Studio Solution File, Format Version 12.00
# Visual Studio 14
VisualStudioVersion = 14.0.25420.1
MinimumVisualStudioVersion = 10.0.40219.1
Project("{FAE04EC0-301F-11D3-BF4B-00C04F79EFBC}") = "App1", "App1\App1.csproj", "{97D958F1-0BD6-4753-9EC9-41D71E0885AC}"
EndProject
Global
	GlobalSection(SolutionConfigurationPlatforms) = preSolution
		Debug|ARM = Debug|ARM
		Debug|x64 = Debug|x64
		Debug|x86 = Debug|x86
		Release|ARM = Release|ARM
		Release|x64 = Release|x64
		Release|x86 = Release|x86
	EndGlobalSection
	GlobalSection(ProjectConfigurationPlatforms) = postSolution
		{97D958F1-0BD6-4753-9EC9-41D71E0885AC}.Debug|ARM.ActiveCfg = Debug|ARM
		{97D958F1-0BD6-4753-9EC9-41D71E0885AC}.Debug|ARM.Build.0 = Debug|ARM
		{97D958F1-0BD6-4753-9EC9-41D71E0885AC}.Debug|ARM.Deploy.0 = Debug|ARM
		{97D958F1-0BD6-4753-9EC9-41D71E0885AC}.Debug|x64.ActiveCfg = Debug|x64
		{97D958F1-0BD6-4753-9EC9-41D71E0885AC}.Debug|x64.Build.0 = Debug|x64
		{97D958F1-0BD6-4753-9EC9-41D71E0885AC}.Debug|x64.Deploy.0 = Debug|x64
		{97D958F1-0BD6-4753-9EC9-41D71E0885AC}.Debug|x86.ActiveCfg = Debug|x86
		{97D958F1-0BD6-4753-9EC9-41D71E0885AC}.Debug|x86.Build.0 = Debug|x86
		{97D958F1-0BD6-4753-9EC9-41D71E0885AC}.Debug|x86.Deploy.0 = Debug|x86
		{97D958F1-0BD6-4753-9EC9-41D71E0885AC}.Release|ARM.ActiveCfg = Release|ARM
		{97D958F1-0BD6-4753-9EC9-41D71E0885AC}.Release|ARM.Build.0 = Release|ARM
		{97D958F1-0BD6-4753-9EC9-41D71E0885AC}.Release|ARM.Deploy.0 = Release|ARM
		{97D958F1-0BD6-4753-9EC9-41D71E0885AC}.Release|x64.ActiveCfg = Release|x64
		{97D958F1-0BD6-4753-9EC9-41D71E0885AC}.Release|x64.Build.0 = Release|x64
		{97D958F1-0BD6-4753-9EC9-41D71E0885AC}.Release|x64.Deploy.0 = Release|x64
		{97D958F1-0BD6-4753-9EC9-41D71E0885AC}.Release|x86.ActiveCfg = Release|x86
		{97D958F1-0BD6-4753-9EC9-41D71E0885AC}.Release|x86.Build.0 = Release|x86
		{97D958F1-0BD6-4753-9EC9-41D71E0885AC}.Release|x86.Deploy.0 = Release|x86
	EndGlobalSection
	GlobalSection(SolutionProperties) = preSolution
		HideSolutionNode = FALSE
	EndGlobalSection
EndGlobal
